// !$*UTF8*$!
{
	archiveVersion = 1;
	classes = {
	};
	objectVersion = 46;
	objects = {

/* Begin PBXBuildFile section */
		C6A043AF1CFBD2C100DD60A5 /* main.m in Sources */ = {isa = PBXBuildFile; fileRef = C6A043AE1CFBD2C100DD60A5 /* main.m */; };
		C6A043B21CFBD2C100DD60A5 /* AppDelegate.m in Sources */ = {isa = PBXBuildFile; fileRef = C6A043B11CFBD2C100DD60A5 /* AppDelegate.m */; };
		C6A043B51CFBD2C100DD60A5 /* ViewController.m in Sources */ = {isa = PBXBuildFile; fileRef = C6A043B41CFBD2C100DD60A5 /* ViewController.m */; };
		C6A043B81CFBD2C100DD60A5 /* Main.storyboard in Resources */ = {isa = PBXBuildFile; fileRef = C6A043B61CFBD2C100DD60A5 /* Main.storyboard */; };
		C6A043BA1CFBD2C100DD60A5 /* Assets.xcassets in Resources */ = {isa = PBXBuildFile; fileRef = C6A043B91CFBD2C100DD60A5 /* Assets.xcassets */; };
		C6A043BD1CFBD2C100DD60A5 /* LaunchScreen.storyboard in Resources */ = {isa = PBXBuildFile; fileRef = C6A043BB1CFBD2C100DD60A5 /* LaunchScreen.storyboard */; };
/* End PBXBuildFile section */

/* Begin PBXFileReference section */
		C6A043AA1CFBD2C100DD60A5 /* 0530练习-GitHubTest.app */ = {isa = PBXFileReference; explicitFileType = wrapper.application; includeInIndex = 0; path = "0530练习-GitHubTest.app"; sourceTree = BUILT_PRODUCTS_DIR; };
		C6A043AE1CFBD2C100DD60A5 /* main.m */ = {isa = PBXFileReference; lastKnownFileType = sourcecode.c.objc; path = main.m; sourceTree = "<group>"; };
		C6A043B01CFBD2C100DD60A5 /* AppDelegate.h */ = {isa = PBXFileReference; lastKnownFileType = sourcecode.c.h; path = AppDelegate.h; sourceTree = "<group>"; };
		C6A043B11CFBD2C100DD60A5 /* AppDelegate.m */ = {isa = PBXFileReference; lastKnownFileType = sourcecode.c.objc; path = AppDelegate.m; sourceTree = "<group>"; };
		C6A043B31CFBD2C100DD60A5 /* ViewController.h */ = {isa = PBXFileReference; lastKnownFileType = sourcecode.c.h; path = ViewController.h; sourceTree = "<group>"; };
		C6A043B41CFBD2C100DD60A5 /* ViewController.m */ = {isa = PBXFileReference; lastKnownFileType = sourcecode.c.objc; path = ViewController.m; sourceTree = "<group>"; };
		C6A043B71CFBD2C100DD60A5 /* Base */ = {isa = PBXFileReference; lastKnownFileType = file.storyboard; name = Base; path = Base.lproj/Main.storyboard; sourceTree = "<group>"; };
		C6A043B91CFBD2C100DD60A5 /* Assets.xcassets */ = {isa = PBXFileReference; lastKnownFileType = folder.assetcatalog; path = Assets.xcassets; sourceTree = "<group>"; };
		C6A043BC1CFBD2C100DD60A5 /* Base */ = {isa = PBXFileReference; lastKnownFileType = file.storyboard; name = Base; path = Base.lproj/LaunchScreen.storyboard; sourceTree = "<group>"; };
		C6A043BE1CFBD2C100DD60A5 /* Info.plist */ = {isa = PBXFileReference; lastKnownFileType = text.plist.xml; path = Info.plist; sourceTree = "<group>"; };
/* End PBXFileReference section */

/* Begin PBXFrameworksBuildPhase section */
		C6A043A71CFBD2C100DD60A5 /* Frameworks */ = {
			isa = PBXFrameworksBuildPhase;
			buildActionMask = 2147483647;
			files = (
			);
			runOnlyForDeploymentPostprocessing = 0;
		};
/* End PBXFrameworksBuildPhase section */

/* Begin PBXGroup section */
		C6A043A11CFBD2C100DD60A5 = {
			isa = PBXGroup;
			children = (
				C6A043AC1CFBD2C100DD60A5 /* 0530练习-GitHubTest */,
				C6A043AB1CFBD2C100DD60A5 /* Products */,
			);
			sourceTree = "<group>";
		};
		C6A043AB1CFBD2C100DD60A5 /* Products */ = {
			isa = PBXGroup;
			children = (
				C6A043AA1CFBD2C100DD60A5 /* 0530练习-GitHubTest.app */,
			);
			name = Products;
			sourceTree = "<group>";
		};
		C6A043AC1CFBD2C100DD60A5 /* 0530练习-GitHubTest */ = {
			isa = PBXGroup;
			children = (
				C6A043B01CFBD2C100DD60A5 /* AppDelegate.h */,
				C6A043B11CFBD2C100DD60A5 /* AppDelegate.m */,
				C6A043B31CFBD2C100DD60A5 /* ViewController.h */,
				C6A043B41CFBD2C100DD60A5 /* ViewController.m */,
				C6A043B61CFBD2C100DD60A5 /* Main.storyboard */,
				C6A043B91CFBD2C100DD60A5 /* Assets.xcassets */,
				C6A043BB1CFBD2C100DD60A5 /* LaunchScreen.storyboard */,
				C6A043BE1CFBD2C100DD60A5 /* Info.plist */,
				C6A043AD1CFBD2C100DD60A5 /* Supporting Files */,
			);
			path = "0530练习-GitHubTest";
			sourceTree = "<group>";
		};
		C6A043AD1CFBD2C100DD60A5 /* Supporting Files */ = {
			isa = PBXGroup;
			children = (
				C6A043AE1CFBD2C100DD60A5 /* main.m */,
			);
			name = "Supporting Files";
			sourceTree = "<group>";
		};
/* End PBXGroup section */

/* Begin PBXNativeTarget section */
		C6A043A91CFBD2C100DD60A5 /* 0530练习-GitHubTest */ = {
			isa = PBXNativeTarget;
			buildConfigurationList = C6A043C11CFBD2C100DD60A5 /* Build configuration list for PBXNativeTarget "0530练习-GitHubTest" */;
			buildPhases = (
				C6A043A61CFBD2C100DD60A5 /* Sources */,
				C6A043A71CFBD2C100DD60A5 /* Frameworks */,
				C6A043A81CFBD2C100DD60A5 /* Resources */,
			);
			buildRules = (
			);
			dependencies = (
			);
			name = "0530练习-GitHubTest";
			productName = "0530练习-GitHubTest";
			productReference = C6A043AA1CFBD2C100DD60A5 /* 0530练习-GitHubTest.app */;
			productType = "com.apple.product-type.application";
		};
/* End PBXNativeTarget section */

/* Begin PBXProject section */
		C6A043A21CFBD2C100DD60A5 /* Project object */ = {
			isa = PBXProject;
			attributes = {
				LastUpgradeCheck = 0710;
				ORGANIZATIONNAME = "张凡";
				TargetAttributes = {
					C6A043A91CFBD2C100DD60A5 = {
						CreatedOnToolsVersion = 7.1.1;
						DevelopmentTeam = ACALA8T873;
					};
				};
			};
			buildConfigurationList = C6A043A51CFBD2C100DD60A5 /* Build configuration list for PBXProject "0530练习-GitHubTest" */;
			compatibilityVersion = "Xcode 3.2";
			developmentRegion = English;
			hasScannedForEncodings = 0;
			knownRegions = (
				en,
				Base,
			);
			mainGroup = C6A043A11CFBD2C100DD60A5;
			productRefGroup = C6A043AB1CFBD2C100DD60A5 /* Products */;
			projectDirPath = "";
			projectRoot = "";
			targets = (
				C6A043A91CFBD2C100DD60A5 /* 0530练习-GitHubTest */,
			);
		};
/* End PBXProject section */

/* Begin PBXResourcesBuildPhase section */
		C6A043A81CFBD2C100DD60A5 /* Resources */ = {
			isa = PBXResourcesBuildPhase;
			buildActionMask = 2147483647;
			files = (
				C6A043BD1CFBD2C100DD60A5 /* LaunchScreen.storyboard in Resources */,
				C6A043BA1CFBD2C100DD60A5 /* Assets.xcassets in Resources */,
				C6A043B81CFBD2C100DD60A5 /* Main.storyboard in Resources */,
			);
			runOnlyForDeploymentPostprocessing = 0;
		};
/* End PBXResourcesBuildPhase section */

/* Begin PBXSourcesBuildPhase section */
		C6A043A61CFBD2C100DD60A5 /* Sources */ = {
			isa = PBXSourcesBuildPhase;
			buildActionMask = 2147483647;
			files = (
				C6A043B51CFBD2C100DD60A5 /* ViewController.m in Sources */,
				C6A043B21CFBD2C100DD60A5 /* AppDelegate.m in Sources */,
				C6A043AF1CFBD2C100DD60A5 /* main.m in Sources */,
			);
			runOnlyForDeploymentPostprocessing = 0;
		};
/* End PBXSourcesBuildPhase section */

/* Begin PBXVariantGroup section */
		C6A043B61CFBD2C100DD60A5 /* Main.storyboard */ = {
			isa = PBXVariantGroup;
			children = (
				C6A043B71CFBD2C100DD60A5 /* Base */,
			);
			name = Main.storyboard;
			sourceTree = "<group>";
		};
		C6A043BB1CFBD2C100DD60A5 /* LaunchScreen.storyboard */ = {
			isa = PBXVariantGroup;
			children = (
				C6A043BC1CFBD2C100DD60A5 /* Base */,
			);
			name = LaunchScreen.storyboard;
			sourceTree = "<group>";
		};
/* End PBXVariantGroup section */

/* Begin XCBuildConfiguration section */
		C6A043BF1CFBD2C100DD60A5 /* Debug */ = {
			isa = XCBuildConfiguration;
			buildSettings = {
				ALWAYS_SEARCH_USER_PATHS = NO;
				CLANG_CXX_LANGUAGE_STANDARD = "gnu++0x";
				CLANG_CXX_LIBRARY = "libc++";
				CLANG_ENABLE_MODULES = YES;
				CLANG_ENABLE_OBJC_ARC = YES;
				CLANG_WARN_BOOL_CONVERSION = YES;
				CLANG_WARN_CONSTANT_CONVERSION = YES;
				CLANG_WARN_DIRECT_OBJC_ISA_USAGE = YES_ERROR;
				CLANG_WARN_EMPTY_BODY = YES;
				CLANG_WARN_ENUM_CONVERSION = YES;
				CLANG_WARN_INT_CONVERSION = YES;
				CLANG_WARN_OBJC_ROOT_CLASS = YES_ERROR;
				CLANG_WARN_UNREACHABLE_CODE = YES;
				CLANG_WARN__DUPLICATE_METHOD_MATCH = YES;
				"CODE_SIGN_IDENTITY[sdk=iphoneos*]" = "iPhone Developer";
				COPY_PHASE_STRIP = NO;
				DEBUG_INFORMATION_FORMAT = dwarf;
				ENABLE_STRICT_OBJC_MSGSEND = YES;
				ENABLE_TESTABILITY = YES;
				GCC_C_LANGUAGE_STANDARD = gnu99;
				GCC_DYNAMIC_NO_PIC = NO;
				GCC_NO_COMMON_BLOCKS = YES;
				GCC_OPTIMIZATION_LEVEL = 0;
				GCC_PREPROCESSOR_DEFINITIONS = (
					"DEBUG=1",
					"$(inherited)",
				);
				GCC_WARN_64_TO_32_BIT_CONVERSION = YES;
				GCC_WARN_ABOUT_RETURN_TYPE = YES_ERROR;
				GCC_WARN_UNDECLARED_SELECTOR = YES;
				GCC_WARN_UNINITIALIZED_AUTOS = YES_AGGRESSIVE;
				GCC_WARN_UNUSED_FUNCTION = YES;
				GCC_WARN_UNUSED_VARIABLE = YES;
				IPHONEOS_DEPLOYMENT_TARGET = 9.1;
				MTL_ENABLE_DEBUG_INFO = YES;
				ONLY_ACTIVE_ARCH = YES;
				SDKROOT = iphoneos;
				TARGETED_DEVICE_FAMILY = "1,2";
			};
			name = Debug;
		};
		C6A043C01CFBD2C100DD60A5 /* Release */ = {
			isa = XCBuildConfiguration;
			buildSettings = {
				ALWAYS_SEARCH_USER_PATHS = NO;
				CLANG_CXX_LANGUAGE_STANDARD = "gnu++0x";
				CLANG_CXX_LIBRARY = "libc++";
				CLANG_ENABLE_MODULES = YES;
				CLANG_ENABLE_OBJC_ARC = YES;
				CLANG_WARN_BOOL_CONVERSION = YES;
				CLANG_WARN_CONSTANT_CONVERSION = YES;
				CLANG_WARN_DIRECT_OBJC_ISA_USAGE = YES_ERROR;
				CLANG_WARN_EMPTY_BODY = YES;
				CLANG_WARN_ENUM_CONVERSION = YES;
				CLANG_WARN_INT_CONVERSION = YES;
				CLANG_WARN_OBJC_ROOT_CLASS = YES_ERROR;
				CLANG_WARN_UNREACHABLE_CODE = YES;
				CLANG_WARN__DUPLICATE_METHOD_MATCH = YES;
				"CODE_SIGN_IDENTITY[sdk=iphoneos*]" = "iPhone Developer";
				COPY_PHASE_STRIP = NO;
				DEBUG_INFORMATION_FORMAT = "dwarf-with-dsym";
				ENABLE_NS_ASSERTIONS = NO;
				ENABLE_STRICT_OBJC_MSGSEND = YES;
				GCC_C_LANGUAGE_STANDARD = gnu99;
				GCC_NO_COMMON_BLOCKS = YES;
				GCC_WARN_64_TO_32_BIT_CONVERSION = YES;
				GCC_WARN_ABOUT_RETURN_TYPE = YES_ERROR;
				GCC_WARN_UNDECLARED_SELECTOR = YES;
				GCC_WARN_UNINITIALIZED_AUTOS = YES_AGGRESSIVE;
				GCC_WARN_UNUSED_FUNCTION = YES;
				GCC_WARN_UNUSED_VARIABLE = YES;
				IPHONEOS_DEPLOYMENT_TARGET = 9.1;
				MTL_ENABLE_DEBUG_INFO = NO;
				SDKROOT = iphoneos;
				TARGETED_DEVICE_FAMILY = "1,2";
				VALIDATE_PRODUCT = YES;
			};
			name = Release;
		};
		C6A043C21CFBD2C100DD60A5 /* Debug */ = {
			isa = XCBuildConfiguration;
			buildSettings = {
				ASSETCATALOG_COMPILER_APPICON_NAME = AppIcon;
				INFOPLIST_FILE = "0530练习-GitHubTest/Info.plist";
				LD_RUNPATH_SEARCH_PATHS = "$(inherited) @executable_path/Frameworks";
				PRODUCT_BUNDLE_IDENTIFIER = "BerverZF.-530---GitHubTest";
				PRODUCT_NAME = "$(TARGET_NAME)";
			};
			name = Debug;
		};
		C6A043C31CFBD2C100DD60A5 /* Release */ = {
			isa = XCBuildConfiguration;
			buildSettings = {
				ASSETCATALOG_COMPILER_APPICON_NAME = AppIcon;
				INFOPLIST_FILE = "0530练习-GitHubTest/Info.plist";
				LD_RUNPATH_SEARCH_PATHS = "$(inherited) @executable_path/Frameworks";
				PRODUCT_BUNDLE_IDENTIFIER = "BerverZF.-530---GitHubTest";
				PRODUCT_NAME = "$(TARGET_NAME)";
			};
			name = Release;
		};
/* End XCBuildConfiguration section */

/* Begin XCConfigurationList section */
		C6A043A51CFBD2C100DD60A5 /* Build configuration list for PBXProject "0530练习-GitHubTest" */ = {
			isa = XCConfigurationList;
			buildConfigurations = (
				C6A043BF1CFBD2C100DD60A5 /* Debug */,
				C6A043C01CFBD2C100DD60A5 /* Release */,
			);
			defaultConfigurationIsVisible = 0;
			defaultConfigurationName = Release;
		};
		C6A043C11CFBD2C100DD60A5 /* Build configuration list for PBXNativeTarget "0530练习-GitHubTest" */ = {
			isa = XCConfigurationList;
			buildConfigurations = (
				C6A043C21CFBD2C100DD60A5 /* Debug */,
				C6A043C31CFBD2C100DD60A5 /* Release */,
			);
			defaultConfigurationIsVisible = 0;
		};
/* End XCConfigurationList section */
	};
	rootObject = C6A043A21CFBD2C100DD60A5 /* Project object */;
}
